Microsoft Visual Studio Solution File, Format Version 12.00
# Visual Studio 2012
Project("{FAE04EC0-301F-11D3-BF4B-00C04F79EFBC}") = "brief plaisir", "brief plaisir.csproj", "{CA2EA98E-142E-4F56-9FF3-D3F5E506F188}"
EndProject
Global
	GlobalSection(SolutionConfigurationPlatforms) = preSolution
	Debug|Any CPU = Debug|Any CPU
	ExportDebug|Any CPU = ExportDebug|Any CPU
	ExportRelease|Any CPU = ExportRelease|Any CPU
	EndGlobalSection
	GlobalSection(ProjectConfigurationPlatforms) = postSolution
		{CA2EA98E-142E-4F56-9FF3-D3F5E506F188}.Debug|Any CPU.ActiveCfg = Debug|Any CPU
		{CA2EA98E-142E-4F56-9FF3-D3F5E506F188}.Debug|Any CPU.Build.0 = Debug|Any CPU
		{CA2EA98E-142E-4F56-9FF3-D3F5E506F188}.ExportDebug|Any CPU.ActiveCfg = ExportDebug|Any CPU
		{CA2EA98E-142E-4F56-9FF3-D3F5E506F188}.ExportDebug|Any CPU.Build.0 = ExportDebug|Any CPU
		{CA2EA98E-142E-4F56-9FF3-D3F5E506F188}.ExportRelease|Any CPU.ActiveCfg = ExportRelease|Any CPU
		{CA2EA98E-142E-4F56-9FF3-D3F5E506F188}.ExportRelease|Any CPU.Build.0 = ExportRelease|Any CPU
	EndGlobalSection
EndGlobal
