Microsoft Visual Studio Solution File, Format Version 12.00
# Visual Studio 2012
Project("{FAE04EC0-301F-11D3-BF4B-00C04F79EFBC}") = "Nouveau projet de jeu", "Nouveau projet de jeu.csproj", "{4C03A15D-251E-4FA8-A4FA-76CB8F3C3466}"
EndProject
Global
	GlobalSection(SolutionConfigurationPlatforms) = preSolution
	Debug|Any CPU = Debug|Any CPU
	ExportDebug|Any CPU = ExportDebug|Any CPU
	ExportRelease|Any CPU = ExportRelease|Any CPU
	EndGlobalSection
	GlobalSection(ProjectConfigurationPlatforms) = postSolution
		{4C03A15D-251E-4FA8-A4FA-76CB8F3C3466}.Debug|Any CPU.ActiveCfg = Debug|Any CPU
		{4C03A15D-251E-4FA8-A4FA-76CB8F3C3466}.Debug|Any CPU.Build.0 = Debug|Any CPU
		{4C03A15D-251E-4FA8-A4FA-76CB8F3C3466}.ExportDebug|Any CPU.ActiveCfg = ExportDebug|Any CPU
		{4C03A15D-251E-4FA8-A4FA-76CB8F3C3466}.ExportDebug|Any CPU.Build.0 = ExportDebug|Any CPU
		{4C03A15D-251E-4FA8-A4FA-76CB8F3C3466}.ExportRelease|Any CPU.ActiveCfg = ExportRelease|Any CPU
		{4C03A15D-251E-4FA8-A4FA-76CB8F3C3466}.ExportRelease|Any CPU.Build.0 = ExportRelease|Any CPU
	EndGlobalSection
EndGlobal
